
Microsoft Visual Studio Solution File, Format Version 12.00
# Visual Studio Version 17
VisualStudioVersion = 17.1.32210.238
MinimumVisualStudioVersion = 10.0.40219.1
Project("{FAE04EC0-301F-11D3-BF4B-00C04F79EFBC}") = "ViMaCrypt", "ViMaCrypt.csproj", "{7C09BD2A-AB86-40ED-88D3-9D08F4FA4C19}"
EndProject
Global
	GlobalSection(SolutionConfigurationPlatforms) = preSolution
		Debug|Any CPU = Debug|Any CPU
		Release|Any CPU = Release|Any CPU
	EndGlobalSection
	GlobalSection(ProjectConfigurationPlatforms) = postSolution
		{7C09BD2A-AB86-40ED-88D3-9D08F4FA4C19}.Debug|Any CPU.ActiveCfg = Debug|Any CPU
		{7C09BD2A-AB86-40ED-88D3-9D08F4FA4C19}.Debug|Any CPU.Build.0 = Debug|Any CPU
		{7C09BD2A-AB86-40ED-88D3-9D08F4FA4C19}.Release|Any CPU.ActiveCfg = Release|Any CPU
		{7C09BD2A-AB86-40ED-88D3-9D08F4FA4C19}.Release|Any CPU.Build.0 = Release|Any CPU
	EndGlobalSection
	GlobalSection(SolutionProperties) = preSolution
		HideSolutionNode = FALSE
	EndGlobalSection
	GlobalSection(ExtensibilityGlobals) = postSolution
		SolutionGuid = {7971C15D-966F-482C-A726-EBB33C852359}
	EndGlobalSection
EndGlobal
